
Microsoft Visual Studio Solution File, Format Version 12.00
# Visual Studio Version 16
VisualStudioVersion = 16.0.30717.126
MinimumVisualStudioVersion = 10.0.40219.1
Project("{FAE04EC0-301F-11D3-BF4B-00C04F79EFBC}") = "Hotel_Ecommerce", "Hotel_Ecommerce\Hotel_Ecommerce.csproj", "{780F4859-EB83-4B27-BA6F-C0FAA1182486}"
EndProject
Project("{FAE04EC0-301F-11D3-BF4B-00C04F79EFBC}") = "Hotel_Ecoomerce.DAL", "Hotel_Ecoomerce.DAL\Hotel_Ecoomerce.DAL.csproj", "{9587A23F-A6D1-4CD7-BCD9-EFEA90A31238}"
EndProject
Project("{FAE04EC0-301F-11D3-BF4B-00C04F79EFBC}") = "Hotel_Ecommerce.Repository", "Hotel_Ecommerce.Repository\Hotel_Ecommerce.Repository.csproj", "{C58DC4FF-A1F5-4185-A239-FAE08E459466}"
EndProject
Project("{FAE04EC0-301F-11D3-BF4B-00C04F79EFBC}") = "Hotel_Ecommerce.Helper", "Hotel_Ecommerce.Helper\Hotel_Ecommerce.Helper.csproj", "{CCA0F46C-1FC0-4212-B53D-ADE68FD02BCB}"
EndProject
Global
	GlobalSection(SolutionConfigurationPlatforms) = preSolution
		Debug|Any CPU = Debug|Any CPU
		Release|Any CPU = Release|Any CPU
	EndGlobalSection
	GlobalSection(ProjectConfigurationPlatforms) = postSolution
		{780F4859-EB83-4B27-BA6F-C0FAA1182486}.Debug|Any CPU.ActiveCfg = Debug|Any CPU
		{780F4859-EB83-4B27-BA6F-C0FAA1182486}.Debug|Any CPU.Build.0 = Debug|Any CPU
		{780F4859-EB83-4B27-BA6F-C0FAA1182486}.Release|Any CPU.ActiveCfg = Release|Any CPU
		{780F4859-EB83-4B27-BA6F-C0FAA1182486}.Release|Any CPU.Build.0 = Release|Any CPU
		{9587A23F-A6D1-4CD7-BCD9-EFEA90A31238}.Debug|Any CPU.ActiveCfg = Debug|Any CPU
		{9587A23F-A6D1-4CD7-BCD9-EFEA90A31238}.Debug|Any CPU.Build.0 = Debug|Any CPU
		{9587A23F-A6D1-4CD7-BCD9-EFEA90A31238}.Release|Any CPU.ActiveCfg = Release|Any CPU
		{9587A23F-A6D1-4CD7-BCD9-EFEA90A31238}.Release|Any CPU.Build.0 = Release|Any CPU
		{C58DC4FF-A1F5-4185-A239-FAE08E459466}.Debug|Any CPU.ActiveCfg = Debug|Any CPU
		{C58DC4FF-A1F5-4185-A239-FAE08E459466}.Debug|Any CPU.Build.0 = Debug|Any CPU
		{C58DC4FF-A1F5-4185-A239-FAE08E459466}.Release|Any CPU.ActiveCfg = Release|Any CPU
		{C58DC4FF-A1F5-4185-A239-FAE08E459466}.Release|Any CPU.Build.0 = Release|Any CPU
		{CCA0F46C-1FC0-4212-B53D-ADE68FD02BCB}.Debug|Any CPU.ActiveCfg = Debug|Any CPU
		{CCA0F46C-1FC0-4212-B53D-ADE68FD02BCB}.Debug|Any CPU.Build.0 = Debug|Any CPU
		{CCA0F46C-1FC0-4212-B53D-ADE68FD02BCB}.Release|Any CPU.ActiveCfg = Release|Any CPU
		{CCA0F46C-1FC0-4212-B53D-ADE68FD02BCB}.Release|Any CPU.Build.0 = Release|Any CPU
	EndGlobalSection
	GlobalSection(SolutionProperties) = preSolution
		HideSolutionNode = FALSE
	EndGlobalSection
	GlobalSection(ExtensibilityGlobals) = postSolution
		SolutionGuid = {C9C7E400-E480-4B87-892A-0D5803AEB135}
	EndGlobalSection
EndGlobal
